
Microsoft Visual Studio Solution File, Format Version 12.00
# Visual Studio Version 17
VisualStudioVersion = 17.0.31912.275
MinimumVisualStudioVersion = 10.0.40219.1
Project("{FAE04EC0-301F-11D3-BF4B-00C04F79EFBC}") = "RemotePlan.Server", "RemotePlan.Server\RemotePlan.Server.csproj", "{BD7C5736-72D1-4B5C-B51E-2C3FBA788878}"
EndProject
Global
	GlobalSection(SolutionConfigurationPlatforms) = preSolution
		Debug|Any CPU = Debug|Any CPU
		Release|Any CPU = Release|Any CPU
	EndGlobalSection
	GlobalSection(ProjectConfigurationPlatforms) = postSolution
		{BD7C5736-72D1-4B5C-B51E-2C3FBA788878}.Debug|Any CPU.ActiveCfg = Debug|Any CPU
		{BD7C5736-72D1-4B5C-B51E-2C3FBA788878}.Debug|Any CPU.Build.0 = Debug|Any CPU
		{BD7C5736-72D1-4B5C-B51E-2C3FBA788878}.Release|Any CPU.ActiveCfg = Release|Any CPU
		{BD7C5736-72D1-4B5C-B51E-2C3FBA788878}.Release|Any CPU.Build.0 = Release|Any CPU
	EndGlobalSection
	GlobalSection(SolutionProperties) = preSolution
		HideSolutionNode = FALSE
	EndGlobalSection
	GlobalSection(ExtensibilityGlobals) = postSolution
		SolutionGuid = {FDC68E1E-5FA0-4406-80A9-E74518E550B6}
	EndGlobalSection
EndGlobal
